// !$*UTF8*$!
{
	archiveVersion = 1;
	classes = {
	};
	objectVersion = 46;
	objects = {

/* Begin PBXBuildFile section */
		ACA1853B1F5331DD00662CD6 /* MainViewController.swift in Sources */ = {isa = PBXBuildFile; fileRef = ACA1853A1F5331DD00662CD6 /* MainViewController.swift */; };
		ACA185431F537C9200662CD6 /* PokemonCell.swift in Sources */ = {isa = PBXBuildFile; fileRef = ACA185421F537C9200662CD6 /* PokemonCell.swift */; };
		ACA185451F547B9400662CD6 /* DetailViewController.swift in Sources */ = {isa = PBXBuildFile; fileRef = ACA185441F547B9400662CD6 /* DetailViewController.swift */; };
		ACAE17321F831211003C43CB /* types.plist in Resources */ = {isa = PBXBuildFile; fileRef = ACAE17341F831211003C43CB /* types.plist */; };
		ACAE17371F831221003C43CB /* genOne.plist in Resources */ = {isa = PBXBuildFile; fileRef = ACAE17391F831221003C43CB /* genOne.plist */; };
		ACAE173C1F831232003C43CB /* allmoves.plist in Resources */ = {isa = PBXBuildFile; fileRef = ACAE173E1F831232003C43CB /* allmoves.plist */; };
		ACCCB5511F49421A0015E23D /* AppDelegate.swift in Sources */ = {isa = PBXBuildFile; fileRef = ACCCB5501F49421A0015E23D /* AppDelegate.swift */; };
		ACCCB5561F49421A0015E23D /* Main.storyboard in Resources */ = {isa = PBXBuildFile; fileRef = ACCCB5541F49421A0015E23D /* Main.storyboard */; };
		ACCCB5581F49421A0015E23D /* Assets.xcassets in Resources */ = {isa = PBXBuildFile; fileRef = ACCCB5571F49421A0015E23D /* Assets.xcassets */; };
		ACCCB55B1F49421A0015E23D /* LaunchScreen.storyboard in Resources */ = {isa = PBXBuildFile; fileRef = ACCCB5591F49421A0015E23D /* LaunchScreen.storyboard */; };
/* End PBXBuildFile section */

/* Begin PBXFileReference section */
		ACA1853A1F5331DD00662CD6 /* MainViewController.swift */ = {isa = PBXFileReference; fileEncoding = 4; lastKnownFileType = sourcecode.swift; path = MainViewController.swift; sourceTree = "<group>"; };
		ACA185421F537C9200662CD6 /* PokemonCell.swift */ = {isa = PBXFileReference; fileEncoding = 4; lastKnownFileType = sourcecode.swift; path = PokemonCell.swift; sourceTree = "<group>"; };
		ACA185441F547B9400662CD6 /* DetailViewController.swift */ = {isa = PBXFileReference; fileEncoding = 4; lastKnownFileType = sourcecode.swift; path = DetailViewController.swift; sourceTree = "<group>"; };
		ACAE172E1F8311FD003C43CB /* ja */ = {isa = PBXFileReference; lastKnownFileType = text.plist.strings; name = ja; path = ja.lproj/Main.strings; sourceTree = "<group>"; };
		ACAE172F1F8311FD003C43CB /* ja */ = {isa = PBXFileReference; lastKnownFileType = text.plist.strings; name = ja; path = ja.lproj/LaunchScreen.strings; sourceTree = "<group>"; };
		ACAE17301F831207003C43CB /* ko */ = {isa = PBXFileReference; lastKnownFileType = text.plist.strings; name = ko; path = ko.lproj/Main.strings; sourceTree = "<group>"; };
		ACAE17311F831207003C43CB /* ko */ = {isa = PBXFileReference; lastKnownFileType = text.plist.strings; name = ko; path = ko.lproj/LaunchScreen.strings; sourceTree = "<group>"; };
		ACAE17331F831211003C43CB /* ja */ = {isa = PBXFileReference; lastKnownFileType = text.plist.xml; name = ja; path = ja.lproj/types.plist; sourceTree = "<group>"; };
		ACAE17351F831213003C43CB /* ko */ = {isa = PBXFileReference; lastKnownFileType = text.plist.xml; name = ko; path = ko.lproj/types.plist; sourceTree = "<group>"; };
		ACAE17361F83121A003C43CB /* en */ = {isa = PBXFileReference; lastKnownFileType = text.plist.xml; name = en; path = en.lproj/types.plist; sourceTree = "<group>"; };
		ACAE17381F831221003C43CB /* en */ = {isa = PBXFileReference; lastKnownFileType = text.plist.xml; name = en; path = en.lproj/genOne.plist; sourceTree = "<group>"; };
		ACAE173A1F831224003C43CB /* ja */ = {isa = PBXFileReference; lastKnownFileType = text.plist.xml; name = ja; path = ja.lproj/genOne.plist; sourceTree = "<group>"; };
		ACAE173B1F83122A003C43CB /* ko */ = {isa = PBXFileReference; lastKnownFileType = text.plist.xml; name = ko; path = ko.lproj/genOne.plist; sourceTree = "<group>"; };
		ACAE173D1F831232003C43CB /* en */ = {isa = PBXFileReference; lastKnownFileType = text.plist.xml; name = en; path = en.lproj/allmoves.plist; sourceTree = "<group>"; };
		ACAE173F1F831235003C43CB /* ja */ = {isa = PBXFileReference; lastKnownFileType = text.plist.xml; name = ja; path = ja.lproj/allmoves.plist; sourceTree = "<group>"; };
		ACAE17401F831238003C43CB /* ko */ = {isa = PBXFileReference; lastKnownFileType = text.plist.xml; name = ko; path = ko.lproj/allmoves.plist; sourceTree = "<group>"; };
		ACCCB54D1F49421A0015E23D /* Pokemon Go Moves Info.app */ = {isa = PBXFileReference; explicitFileType = wrapper.application; includeInIndex = 0; path = "Pokemon Go Moves Info.app"; sourceTree = BUILT_PRODUCTS_DIR; };
		ACCCB5501F49421A0015E23D /* AppDelegate.swift */ = {isa = PBXFileReference; lastKnownFileType = sourcecode.swift; path = AppDelegate.swift; sourceTree = "<group>"; };
		ACCCB5551F49421A0015E23D /* Base */ = {isa = PBXFileReference; lastKnownFileType = file.storyboard; name = Base; path = Base.lproj/Main.storyboard; sourceTree = "<group>"; };
		ACCCB5571F49421A0015E23D /* Assets.xcassets */ = {isa = PBXFileReference; lastKnownFileType = folder.assetcatalog; path = Assets.xcassets; sourceTree = "<group>"; };
		ACCCB55A1F49421A0015E23D /* Base */ = {isa = PBXFileReference; lastKnownFileType = file.storyboard; name = Base; path = Base.lproj/LaunchScreen.storyboard; sourceTree = "<group>"; };
		ACCCB55C1F49421A0015E23D /* Info.plist */ = {isa = PBXFileReference; lastKnownFileType = text.plist.xml; path = Info.plist; sourceTree = "<group>"; };
/* End PBXFileReference section */

/* Begin PBXFrameworksBuildPhase section */
		ACCCB54A1F49421A0015E23D /* Frameworks */ = {
			isa = PBXFrameworksBuildPhase;
			buildActionMask = 2147483647;
			files = (
			);
			runOnlyForDeploymentPostprocessing = 0;
		};
/* End PBXFrameworksBuildPhase section */

/* Begin PBXGroup section */
		ACCCB5441F49421A0015E23D = {
			isa = PBXGroup;
			children = (
				ACCCB54F1F49421A0015E23D /* Pokemon Go Moves Info */,
				ACCCB54E1F49421A0015E23D /* Products */,
			);
			sourceTree = "<group>";
		};
		ACCCB54E1F49421A0015E23D /* Products */ = {
			isa = PBXGroup;
			children = (
				ACCCB54D1F49421A0015E23D /* Pokemon Go Moves Info.app */,
			);
			name = Products;
			sourceTree = "<group>";
		};
		ACCCB54F1F49421A0015E23D /* Pokemon Go Moves Info */ = {
			isa = PBXGroup;
			children = (
				ACCCB5501F49421A0015E23D /* AppDelegate.swift */,
				ACCCB5541F49421A0015E23D /* Main.storyboard */,
				ACCCB5571F49421A0015E23D /* Assets.xcassets */,
				ACCCB56B1F5283790015E23D /* View Controller */,
				ACCCB5591F49421A0015E23D /* LaunchScreen.storyboard */,
				ACCCB56A1F52835B0015E23D /* Database */,
				ACCCB55C1F49421A0015E23D /* Info.plist */,
			);
			path = "Pokemon Go Moves Info";
			sourceTree = "<group>";
		};
		ACCCB56A1F52835B0015E23D /* Database */ = {
			isa = PBXGroup;
			children = (
				ACAE17341F831211003C43CB /* types.plist */,
				ACAE17391F831221003C43CB /* genOne.plist */,
				ACAE173E1F831232003C43CB /* allmoves.plist */,
			);
			name = Database;
			sourceTree = "<group>";
		};
		ACCCB56B1F5283790015E23D /* View Controller */ = {
			isa = PBXGroup;
			children = (
				ACA1853A1F5331DD00662CD6 /* MainViewController.swift */,
				ACA185421F537C9200662CD6 /* PokemonCell.swift */,
				ACA185441F547B9400662CD6 /* DetailViewController.swift */,
			);
			name = "View Controller";
			sourceTree = "<group>";
		};
/* End PBXGroup section */

/* Begin PBXNativeTarget section */
		ACCCB54C1F49421A0015E23D /* Pokemon Go Moves Info */ = {
			isa = PBXNativeTarget;
			buildConfigurationList = ACCCB55F1F49421A0015E23D /* Build configuration list for PBXNativeTarget "Pokemon Go Moves Info" */;
			buildPhases = (
				ACCCB5491F49421A0015E23D /* Sources */,
				ACCCB54A1F49421A0015E23D /* Frameworks */,
				ACCCB54B1F49421A0015E23D /* Resources */,
			);
			buildRules = (
			);
			dependencies = (
			);
			name = "Pokemon Go Moves Info";
			productName = "Pokemon Go Moves Info";
			productReference = ACCCB54D1F49421A0015E23D /* Pokemon Go Moves Info.app */;
			productType = "com.apple.product-type.application";
		};
/* End PBXNativeTarget section */

/* Begin PBXProject section */
		ACCCB5451F49421A0015E23D /* Project object */ = {
			isa = PBXProject;
			attributes = {
				LastSwiftUpdateCheck = 0830;
				LastUpgradeCheck = 0830;
				ORGANIZATIONNAME = JEC;
				TargetAttributes = {
					ACCCB54C1F49421A0015E23D = {
						CreatedOnToolsVersion = 8.3;
						DevelopmentTeam = 2QZXZME53M;
						ProvisioningStyle = Automatic;
					};
				};
			};
			buildConfigurationList = ACCCB5481F49421A0015E23D /* Build configuration list for PBXProject "Pokemon Go Moves Info" */;
			compatibilityVersion = "Xcode 3.2";
			developmentRegion = English;
			hasScannedForEncodings = 0;
			knownRegions = (
				en,
				Base,
				ko,
				ja,
			);
			mainGroup = ACCCB5441F49421A0015E23D;
			productRefGroup = ACCCB54E1F49421A0015E23D /* Products */;
			projectDirPath = "";
			projectRoot = "";
			targets = (
				ACCCB54C1F49421A0015E23D /* Pokemon Go Moves Info */,
			);
		};
/* End PBXProject section */

/* Begin PBXResourcesBuildPhase section */
		ACCCB54B1F49421A0015E23D /* Resources */ = {
			isa = PBXResourcesBuildPhase;
			buildActionMask = 2147483647;
			files = (
				ACAE17371F831221003C43CB /* genOne.plist in Resources */,
				ACCCB55B1F49421A0015E23D /* LaunchScreen.storyboard in Resources */,
				ACCCB5581F49421A0015E23D /* Assets.xcassets in Resources */,
				ACAE17321F831211003C43CB /* types.plist in Resources */,
				ACCCB5561F49421A0015E23D /* Main.storyboard in Resources */,
				ACAE173C1F831232003C43CB /* allmoves.plist in Resources */,
			);
			runOnlyForDeploymentPostprocessing = 0;
		};
/* End PBXResourcesBuildPhase section */

/* Begin PBXSourcesBuildPhase section */
		ACCCB5491F49421A0015E23D /* Sources */ = {
			isa = PBXSourcesBuildPhase;
			buildActionMask = 2147483647;
			files = (
				ACCCB5511F49421A0015E23D /* AppDelegate.swift in Sources */,
				ACA185431F537C9200662CD6 /* PokemonCell.swift in Sources */,
				ACA185451F547B9400662CD6 /* DetailViewController.swift in Sources */,
				ACA1853B1F5331DD00662CD6 /* MainViewController.swift in Sources */,
			);
			runOnlyForDeploymentPostprocessing = 0;
		};
/* End PBXSourcesBuildPhase section */

/* Begin PBXVariantGroup section */
		ACAE17341F831211003C43CB /* types.plist */ = {
			isa = PBXVariantGroup;
			children = (
				ACAE17331F831211003C43CB /* ja */,
				ACAE17351F831213003C43CB /* ko */,
				ACAE17361F83121A003C43CB /* en */,
			);
			name = types.plist;
			sourceTree = "<group>";
		};
		ACAE17391F831221003C43CB /* genOne.plist */ = {
			isa = PBXVariantGroup;
			children = (
				ACAE17381F831221003C43CB /* en */,
				ACAE173A1F831224003C43CB /* ja */,
				ACAE173B1F83122A003C43CB /* ko */,
			);
			name = genOne.plist;
			sourceTree = "<group>";
		};
		ACAE173E1F831232003C43CB /* allmoves.plist */ = {
			isa = PBXVariantGroup;
			children = (
				ACAE173D1F831232003C43CB /* en */,
				ACAE173F1F831235003C43CB /* ja */,
				ACAE17401F831238003C43CB /* ko */,
			);
			name = allmoves.plist;
			sourceTree = "<group>";
		};
		ACCCB5541F49421A0015E23D /* Main.storyboard */ = {
			isa = PBXVariantGroup;
			children = (
				ACCCB5551F49421A0015E23D /* Base */,
				ACAE172E1F8311FD003C43CB /* ja */,
				ACAE17301F831207003C43CB /* ko */,
			);
			name = Main.storyboard;
			sourceTree = "<group>";
		};
		ACCCB5591F49421A0015E23D /* LaunchScreen.storyboard */ = {
			isa = PBXVariantGroup;
			children = (
				ACCCB55A1F49421A0015E23D /* Base */,
				ACAE172F1F8311FD003C43CB /* ja */,
				ACAE17311F831207003C43CB /* ko */,
			);
			name = LaunchScreen.storyboard;
			sourceTree = "<group>";
		};
/* End PBXVariantGroup section */

/* Begin XCBuildConfiguration section */
		ACCCB55D1F49421A0015E23D /* Debug */ = {
			isa = XCBuildConfiguration;
			buildSettings = {
				ALWAYS_SEARCH_USER_PATHS = NO;
				CLANG_ANALYZER_LOCALIZABILITY_NONLOCALIZED = YES;
				CLANG_ANALYZER_NONNULL = YES;
				CLANG_ANALYZER_NUMBER_OBJECT_CONVERSION = YES_AGGRESSIVE;
				CLANG_CXX_LANGUAGE_STANDARD = "gnu++0x";
				CLANG_CXX_LIBRARY = "libc++";
				CLANG_ENABLE_MODULES = YES;
				CLANG_ENABLE_OBJC_ARC = YES;
				CLANG_WARN_BOOL_CONVERSION = YES;
				CLANG_WARN_CONSTANT_CONVERSION = YES;
				CLANG_WARN_DIRECT_OBJC_ISA_USAGE = YES_ERROR;
				CLANG_WARN_DOCUMENTATION_COMMENTS = YES;
				CLANG_WARN_EMPTY_BODY = YES;
				CLANG_WARN_ENUM_CONVERSION = YES;
				CLANG_WARN_INFINITE_RECURSION = YES;
				CLANG_WARN_INT_CONVERSION = YES;
				CLANG_WARN_OBJC_ROOT_CLASS = YES_ERROR;
				CLANG_WARN_SUSPICIOUS_MOVE = YES;
				CLANG_WARN_UNREACHABLE_CODE = YES;
				CLANG_WARN__DUPLICATE_METHOD_MATCH = YES;
				"CODE_SIGN_IDENTITY[sdk=iphoneos*]" = "iPhone Developer";
				COPY_PHASE_STRIP = NO;
				DEBUG_INFORMATION_FORMAT = dwarf;
				ENABLE_STRICT_OBJC_MSGSEND = YES;
				ENABLE_TESTABILITY = YES;
				GCC_C_LANGUAGE_STANDARD = gnu99;
				GCC_DYNAMIC_NO_PIC = NO;
				GCC_NO_COMMON_BLOCKS = YES;
				GCC_OPTIMIZATION_LEVEL = 0;
				GCC_PREPROCESSOR_DEFINITIONS = (
					"DEBUG=1",
					"$(inherited)",
				);
				GCC_WARN_64_TO_32_BIT_CONVERSION = YES;
				GCC_WARN_ABOUT_RETURN_TYPE = YES_ERROR;
				GCC_WARN_UNDECLARED_SELECTOR = YES;
				GCC_WARN_UNINITIALIZED_AUTOS = YES_AGGRESSIVE;
				GCC_WARN_UNUSED_FUNCTION = YES;
				GCC_WARN_UNUSED_VARIABLE = YES;
				IPHONEOS_DEPLOYMENT_TARGET = 10.3;
				MTL_ENABLE_DEBUG_INFO = YES;
				ONLY_ACTIVE_ARCH = YES;
				SDKROOT = iphoneos;
				SWIFT_ACTIVE_COMPILATION_CONDITIONS = DEBUG;
				SWIFT_OPTIMIZATION_LEVEL = "-Onone";
			};
			name = Debug;
		};
		ACCCB55E1F49421A0015E23D /* Release */ = {
			isa = XCBuildConfiguration;
			buildSettings = {
				ALWAYS_SEARCH_USER_PATHS = NO;
				CLANG_ANALYZER_LOCALIZABILITY_NONLOCALIZED = YES;
				CLANG_ANALYZER_NONNULL = YES;
				CLANG_ANALYZER_NUMBER_OBJECT_CONVERSION = YES_AGGRESSIVE;
				CLANG_CXX_LANGUAGE_STANDARD = "gnu++0x";
				CLANG_CXX_LIBRARY = "libc++";
				CLANG_ENABLE_MODULES = YES;
				CLANG_ENABLE_OBJC_ARC = YES;
				CLANG_WARN_BOOL_CONVERSION = YES;
				CLANG_WARN_CONSTANT_CONVERSION = YES;
				CLANG_WARN_DIRECT_OBJC_ISA_USAGE = YES_ERROR;
				CLANG_WARN_DOCUMENTATION_COMMENTS = YES;
				CLANG_WARN_EMPTY_BODY = YES;
				CLANG_WARN_ENUM_CONVERSION = YES;
				CLANG_WARN_INFINITE_RECURSION = YES;
				CLANG_WARN_INT_CONVERSION = YES;
				CLANG_WARN_OBJC_ROOT_CLASS = YES_ERROR;
				CLANG_WARN_SUSPICIOUS_MOVE = YES;
				CLANG_WARN_UNREACHABLE_CODE = YES;
				CLANG_WARN__DUPLICATE_METHOD_MATCH = YES;
				"CODE_SIGN_IDENTITY[sdk=iphoneos*]" = "iPhone Developer";
				COPY_PHASE_STRIP = NO;
				DEBUG_INFORMATION_FORMAT = "dwarf-with-dsym";
				ENABLE_NS_ASSERTIONS = NO;
				ENABLE_STRICT_OBJC_MSGSEND = YES;
				GCC_C_LANGUAGE_STANDARD = gnu99;
				GCC_NO_COMMON_BLOCKS = YES;
				GCC_WARN_64_TO_32_BIT_CONVERSION = YES;
				GCC_WARN_ABOUT_RETURN_TYPE = YES_ERROR;
				GCC_WARN_UNDECLARED_SELECTOR = YES;
				GCC_WARN_UNINITIALIZED_AUTOS = YES_AGGRESSIVE;
				GCC_WARN_UNUSED_FUNCTION = YES;
				GCC_WARN_UNUSED_VARIABLE = YES;
				IPHONEOS_DEPLOYMENT_TARGET = 10.3;
				MTL_ENABLE_DEBUG_INFO = NO;
				SDKROOT = iphoneos;
				SWIFT_OPTIMIZATION_LEVEL = "-Owholemodule";
				VALIDATE_PRODUCT = YES;
			};
			name = Release;
		};
		ACCCB5601F49421A0015E23D /* Debug */ = {
			isa = XCBuildConfiguration;
			buildSettings = {
				ASSETCATALOG_COMPILER_APPICON_NAME = AppIcon;
				DEVELOPMENT_TEAM = 2QZXZME53M;
				INFOPLIST_FILE = "Pokemon Go Moves Info/Info.plist";
				LD_RUNPATH_SEARCH_PATHS = "$(inherited) @executable_path/Frameworks";
				PRODUCT_BUNDLE_IDENTIFIER = "jp.ac.jec.17cm.Pokemon-Go-Moves-Info";
				PRODUCT_NAME = "$(TARGET_NAME)";
				SWIFT_VERSION = 3.0;
			};
			name = Debug;
		};
		ACCCB5611F49421A0015E23D /* Release */ = {
			isa = XCBuildConfiguration;
			buildSettings = {
				ASSETCATALOG_COMPILER_APPICON_NAME = AppIcon;
				DEVELOPMENT_TEAM = 2QZXZME53M;
				INFOPLIST_FILE = "Pokemon Go Moves Info/Info.plist";
				LD_RUNPATH_SEARCH_PATHS = "$(inherited) @executable_path/Frameworks";
				PRODUCT_BUNDLE_IDENTIFIER = "jp.ac.jec.17cm.Pokemon-Go-Moves-Info";
				PRODUCT_NAME = "$(TARGET_NAME)";
				SWIFT_VERSION = 3.0;
			};
			name = Release;
		};
/* End XCBuildConfiguration section */

/* Begin XCConfigurationList section */
		ACCCB5481F49421A0015E23D /* Build configuration list for PBXProject "Pokemon Go Moves Info" */ = {
			isa = XCConfigurationList;
			buildConfigurations = (
				ACCCB55D1F49421A0015E23D /* Debug */,
				ACCCB55E1F49421A0015E23D /* Release */,
			);
			defaultConfigurationIsVisible = 0;
			defaultConfigurationName = Release;
		};
		ACCCB55F1F49421A0015E23D /* Build configuration list for PBXNativeTarget "Pokemon Go Moves Info" */ = {
			isa = XCConfigurationList;
			buildConfigurations = (
				ACCCB5601F49421A0015E23D /* Debug */,
				ACCCB5611F49421A0015E23D /* Release */,
			);
			defaultConfigurationIsVisible = 0;
			defaultConfigurationName = Release;
		};
/* End XCConfigurationList section */
	};
	rootObject = ACCCB5451F49421A0015E23D /* Project object */;
}
